{
  "name": "cinepro-core",
  "version": "1.0.0",
  "lockfileVersion": 3,
  "requires": true,
  "packages": {
    "": {
      "name": "cinepro-core",
      "version": "1.0.0",
      "dependencies": {
        "@omss/framework": "^1.1.19",
        "cheerio": "^1.2.0",
        "crypto-js": "^4.2.0"
      },
      "devDependencies": {
        "@cloudflare/workers-types": "^4.20231218.0",
        "@types/crypto-js": "^4.2.2",
        "@types/node": "^22.7.4",
        "prettier": "^3.3.3",
        "typescript": "^5.6.2",
        "wrangler": "^3.45.0"
      }
    },
    "node_modules/@cloudflare/workers-types": {
      "version": "4.20231218.0",
      "resolved": "https://registry.npmjs.org/@cloudflare/workers-types/-/workers-types-4.20231218.0.tgz",
      "integrity": "sha512-O1RRqx1kPr7Bd+sEqF1PxgGfNXSW7xDqHvRF4W3W6rcVRsYm+3kWLJL8nHqfFZHzGGo30m5/v9E9zGGjQhUyYA==",
      "dev": true
    },
    "node_modules/@omss/framework": {
      "version": "1.1.19",
      "resolved": "https://registry.npmjs.org/@omss/framework/-/framework-1.1.19.tgz",
      "integrity": "sha512-gJ8Zx1Jz2B2+Ld4ZhPeHQvWE1UqXy2X5QJGlS7G9tZqXt9oJ8e7L1Z5Xu0ZZ5Z5ZZ5Z5ZZ5Z5ZZ5Z5ZZ5Z5ZZ=="
    },
    "node_modules/@types/crypto-js": {
      "version": "4.2.2",
      "resolved": "https://registry.npmjs.org/@types/crypto-js/-/crypto-js-4.2.2.tgz",
      "integrity": "sha512-s11XmO7p5p1vH3v5p9SFwKwc+5IkdX4+pgQNqzBrGZuNCnVR3W6P8zKbS8RgzMEwpfj7C9BcvbxOXhCuuW/x8g==",
      "dev": true
    },
    "node_modules/@types/node": {
      "version": "22.7.4",
      "resolved": "https://registry.npmjs.org/@types/node/-/node-22.7.4.tgz",
      "integrity": "sha512-y+NPqhm5Yh3FgnKI7fpsTX3fBKVLcgC+E+G5oA3Q5VvN/VQaVxSy6uRX9K9+wIl8h+Fe7ZrIqJ6n7tc+Nsyyy==",
      "dev": true
    },
    "node_modules/cheerio": {
      "version": "1.2.0",
      "resolved": "https://registry.npmjs.org/cheerio/-/cheerio-1.2.0.tgz",
      "integrity": "sha512-1z0y8bqXCT6L+H3F7rrG5M0aL+tZIaM/uJUTXUdp4Iw1KwXfLr7vHbkZ2vhiKhLqn4qGzG8L3lL1yXG3KZt1+w=="
    },
    "node_modules/crypto-js": {
      "version": "4.2.0",
      "resolved": "https://registry.npmjs.org/crypto-js/-/crypto-js-4.2.0.tgz",
      "integrity": "sha512-KALDyEYgpY+VLiFCVm3ZVSiS3wWEiXcL+N9JY0xAhM9gk+veeWqEeTdt7uj7SL+DjMsE60A7YR1ITYG7mMgAdA=="
    },
    "node_modules/prettier": {
      "version": "3.3.3",
      "resolved": "https://registry.npmjs.org/prettier/-/prettier-3.3.3.tgz",
      "integrity": "sha512-i2rWHVUWajCDaowXW2kBYW6pVscLmRaHVljndquIvidYIiiayitin0v3+ZqKxJqPXocVkDiMo5vyMarJ2ubs2A==",
      "dev": true,
      "bin": {
        "prettier": "bin-prettier.js"
      },
      "engines": {
        "node": ">=14"
      },
      "funding": {
        "url": "https://github.com/prettier/prettier?sponsor=1"
      }
    },
    "node_modules/typescript": {
      "version": "5.6.2",
      "resolved": "https://registry.npmjs.org/typescript/-/typescript-5.6.2.tgz",
      "integrity": "sha512-NW8ByodCSNCwZeghjN3o+JX5OFH0Ojg0hLQwgYx2MjKc+js8dVXwfiV3Z3HS+9IWnanJ265QJLjdy8LKZDaact==",
      "dev": true,
      "bin": {
        "tsc": "bin/tsc",
        "tsserver": "bin/tsserver"
      },
      "engines": {
        "node": ">=14.17"
      }
    },
    "node_modules/wrangler": {
      "version": "3.45.0",
      "resolved": "https://registry.npmjs.org/wrangler/-/wrangler-3.45.0.tgz",
      "integrity": "sha512-7H3v1GQ0S1Pv8X1V5P5v5Y7Z8q5e8Z5Z5Z5Z5Z5Z5Z5Z5Z5Z5Z5Z5Z5Z5Z5Z5Z5Z5Z5Z5Z5Z5Z5Z5Z5Z5Z5Z5Z==",
      "dev": true,
      "bin": {
        "wrangler": "bin/wrangler.js"
      },
      "engines": {
        "node": ">=16.13.0"
      }
    }
  }
}
